{
  "name": "wts-whiteboard-ui",
  "lockfileVersion": 3,
  "requires": true,
  "packages": {
    "": {
      "name": "wts-whiteboard-ui",
      "dependencies": {
        "@tldraw/assets": "5.2.2"
      }
    },
    "node_modules/@tldraw/assets": {
      "version": "5.2.2",
      "resolved": "https://registry.npmjs.org/@tldraw/assets/-/assets-5.2.2.tgz",
      "integrity": "sha512-jANfmxrCz1+Wj542t3VnqRD978iY96fRwXm+LYTgc6yzCAUxvGJFKDUR+pffEe6crnD418XCl6XmqPiCdButpw==",
      "license": "SEE LICENSE IN LICENSE.md",
      "dependencies": {
        "@tldraw/utils": "5.2.2"
      },
      "engines": {
        "node": ">=22.12.0"
      }
    },
    "node_modules/@tldraw/utils": {
      "version": "5.2.2",
      "resolved": "https://registry.npmjs.org/@tldraw/utils/-/utils-5.2.2.tgz",
      "integrity": "sha512-TifV6LePp5eGWbT65Jo0RJHjABRnv6ZzJg/BBOEr0Km98UJl15uvuOwmO1zKeII3SQkUP6+n0VEP4x8O174UfA==",
      "license": "SEE LICENSE IN LICENSE.md",
      "dependencies": {
        "lodash.isequal": "^4.5.0",
        "lodash.isequalwith": "^4.4.0",
        "lodash.throttle": "^4.1.1",
        "lodash.uniq": "^4.5.0"
      },
      "engines": {
        "node": ">=22.12.0"
      }
    },
    "node_modules/lodash.isequal": {
      "version": "4.5.0",
      "resolved": "https://registry.npmjs.org/lodash.isequal/-/lodash.isequal-4.5.0.tgz",
      "integrity": "sha512-pDo3lu8Jhfjqls6GkMgpahsF9kCyayhgykjyLMNFTKWrpVdAQtYyB4muAMWozBB4ig/dtWAmsMxLEI8wuz+DYQ==",
      "deprecated": "This package is deprecated. Use require('node:util').isDeepStrictEqual instead.",
      "license": "MIT"
    },
    "node_modules/lodash.isequalwith": {
      "version": "4.4.0",
      "resolved": "https://registry.npmjs.org/lodash.isequalwith/-/lodash.isequalwith-4.4.0.tgz",
      "integrity": "sha512-dcZON0IalGBpRmJBmMkaoV7d3I80R2O+FrzsZyHdNSFrANq/cgDqKQNmAHE8UEj4+QYWwwhkQOVdLHiAopzlsQ==",
      "license": "MIT"
    },
    "node_modules/lodash.throttle": {
      "version": "4.1.1",
      "resolved": "https://registry.npmjs.org/lodash.throttle/-/lodash.throttle-4.1.1.tgz",
      "integrity": "sha512-wIkUCfVKpVsWo3JSZlc+8MB5it+2AN5W8J7YVMST30UrvcQNZ1Okbj+rbVniijTWE6FGYy4XJq/rHkas8qJMLQ==",
      "license": "MIT"
    },
    "node_modules/lodash.uniq": {
      "version": "4.5.0",
      "resolved": "https://registry.npmjs.org/lodash.uniq/-/lodash.uniq-4.5.0.tgz",
      "integrity": "sha512-xfBaXQd9ryd9dlSDvnvI0lvxfLJlYAZzXomUYzLKtUeOQvOP5piqAWuGtrhWeqaXK9hhoM/iyJc5AV+XfsX3HQ==",
      "license": "MIT"
    }
  }
}
